github.com/HimbeerserverDE/multiserver v0.0.0-20210107223016-2b66ff1c0094 h1:ju6VPO1RX3vz7n3CLGTrtbNNYiJSdre0jdJaae0uH7c=
github.com/HimbeerserverDE/multiserver v0.0.0-20210107223016-2b66ff1c0094/go.mod h1:vOC0ENPVV2v4bbMP+KV36OP17WB//Mdfee3E1eJf6Uc=
github.com/HimbeerserverDE/srp v0.0.0-20210106105115-e8e91ab831e1 h1:xD7UYc2WhwU/DZwTyu8492GMHl1ruWC6HwCH7Cur7b4=
github.com/HimbeerserverDE/srp v0.0.0-20210106105115-e8e91ab831e1/go.mod h1:pxNH8S2nh4n2DWE0ToX5GnnDr/uEAuaAhJsCpkDLIWw=
github.com/chzyer/logex v1.1.10/go.mod h1:+Ywpsq7O8HXn0nuIou7OrIPyXbp3wmkHB+jjWRnGsAI=
github.com/chzyer/readline v0.0.0-20180603132655-2972be24d48e/go.mod h1:nSuG5e5PlCu98SY8svDHJxuZscDgtXS6KTTbou5AhLI=
github.com/chzyer/test v0.0.0-20180213035817-a1ea475d72b1/go.mod h1:Q3SI9o4m/ZMnBNeIyt5eFwwo7qiLfzFZmjNmxjkiQlU=
github.com/mattn/go-sqlite3 v1.14.6 h1:dNPt6NO46WmLVt2DLNpwczCmdV5boIZ6g/tlDrlRUbg=
github.com/mattn/go-sqlite3 v1.14.6/go.mod h1:NyWgC/yNuGj7Q9rpYnZvas74GogHl5/Z4A/KQRfk6bU=
github.com/yuin/gopher-lua v0.0.0-20200816102855-ee81675732da h1:NimzV1aGyq29m5ukMK0AMWEhFaL/lrEOaephfuoiARg=
github.com/yuin/gopher-lua v0.0.0-20200816102855-ee81675732da/go.mod h1:E1AXubJBdNmFERAOucpDIxNzeGfLzg0mYh+UfMWdChA=
golang.org/x/sys v0.0.0-20190204203706-41f3e6584952/go.mod h1:STP8DvDyc/dI5b8T5hshtkjS+E42TnysNCUPdjciGhY=
gopkg.in/check.v1 v0.0.0-20161208181325-20d25e280405/go.mod h1:Co6ibVJAznAaIkqp8huTwlJQCZ016jof/cbN4VW5Yz0=
gopkg.in/yaml.v2 v2.4.0 h1:D8xgwECY7CYvx+Y2n4sBz93Jn9JRvxdiyyo8CTfuKaY=
gopkg.in/yaml.v2 v2.4.0/go.mod h1:RDklbk79AGWmwhnvt/jBztapEOGDOx6ZbXqjP6csGnQ=
